
Microsoft Visual Studio Solution File, Format Version 12.00
# Visual Studio Version 16
VisualStudioVersion = 25.0.1700.0
MinimumVisualStudioVersion = 10.0.40219.1
Project("{FAE04EC0-301F-11D3-BF4B-00C04F79EFBC}") = "ICB", "src\ICB\ICB.csproj", "{D39B0292-8317-43B2-B96F-EEFD841FB1CA}"
EndProject
Project("{FAE04EC0-301F-11D3-BF4B-00C04F79EFBC}") = "ICB.Tests", "test\ICB.Tests\ICB.Tests.csproj", "{CF388CD6-61EC-426D-BCD3-7C5B2CF21270}"
EndProject
Global
	GlobalSection(SolutionConfigurationPlatforms) = preSolution
		Debug|Any CPU = Debug|Any CPU
		Release|Any CPU = Release|Any CPU
	EndGlobalSection
	GlobalSection(ProjectConfigurationPlatforms) = postSolution
		{D39B0292-8317-43B2-B96F-EEFD841FB1CA}.Debug|Any CPU.ActiveCfg = Debug|Any CPU
		{D39B0292-8317-43B2-B96F-EEFD841FB1CA}.Debug|Any CPU.Build.0 = Debug|Any CPU
		{D39B0292-8317-43B2-B96F-EEFD841FB1CA}.Release|Any CPU.ActiveCfg = Release|Any CPU
		{D39B0292-8317-43B2-B96F-EEFD841FB1CA}.Release|Any CPU.Build.0 = Release|Any CPU
		{CF388CD6-61EC-426D-BCD3-7C5B2CF21270}.Debug|Any CPU.ActiveCfg = Debug|Any CPU
		{CF388CD6-61EC-426D-BCD3-7C5B2CF21270}.Debug|Any CPU.Build.0 = Debug|Any CPU
		{CF388CD6-61EC-426D-BCD3-7C5B2CF21270}.Release|Any CPU.ActiveCfg = Release|Any CPU
		{CF388CD6-61EC-426D-BCD3-7C5B2CF21270}.Release|Any CPU.Build.0 = Release|Any CPU
	EndGlobalSection
	GlobalSection(SolutionProperties) = preSolution
		HideSolutionNode = FALSE
	EndGlobalSection
	GlobalSection(ExtensibilityGlobals) = postSolution
		SolutionGuid = {941CE7DA-7409-4E30-91D3-DCC305316BE1}
	EndGlobalSection
EndGlobal
